
Microsoft Visual Studio Solution File, Format Version 12.00
# Visual Studio 2013
VisualStudioVersion = 12.0.40629.0
MinimumVisualStudioVersion = 10.0.40219.1
Project("{FAE04EC0-301F-11D3-BF4B-00C04F79EFBC}") = "ProceduralParts", "ProceduralParts.csproj", "{BB7C12FE-8189-4A56-B058-58C1B7366E60}"
EndProject
Project("{FAE04EC0-301F-11D3-BF4B-00C04F79EFBC}") = "Tests", "Tests\Tests.csproj", "{760BCCD3-0FB9-46D4-8B69-402EFE187506}"
EndProject
Global
	GlobalSection(SolutionConfigurationPlatforms) = preSolution
		Debug|Any CPU = Debug|Any CPU
		Debug|Mixed Platforms = Debug|Mixed Platforms
		Debug|x86 = Debug|x86
		Release|Any CPU = Release|Any CPU
		Release|Mixed Platforms = Release|Mixed Platforms
		Release|x86 = Release|x86
		Test KSP|Any CPU = Test KSP|Any CPU
		Test KSP|Mixed Platforms = Test KSP|Mixed Platforms
		Test KSP|x86 = Test KSP|x86
	EndGlobalSection
	GlobalSection(ProjectConfigurationPlatforms) = postSolution
		{BB7C12FE-8189-4A56-B058-58C1B7366E60}.Debug|Any CPU.ActiveCfg = Debug|Any CPU
		{BB7C12FE-8189-4A56-B058-58C1B7366E60}.Debug|Any CPU.Build.0 = Debug|Any CPU
		{BB7C12FE-8189-4A56-B058-58C1B7366E60}.Debug|Mixed Platforms.ActiveCfg = Debug|x86
		{BB7C12FE-8189-4A56-B058-58C1B7366E60}.Debug|Mixed Platforms.Build.0 = Debug|x86
		{BB7C12FE-8189-4A56-B058-58C1B7366E60}.Debug|x86.ActiveCfg = Debug|x86
		{BB7C12FE-8189-4A56-B058-58C1B7366E60}.Debug|x86.Build.0 = Debug|x86
		{BB7C12FE-8189-4A56-B058-58C1B7366E60}.Release|Any CPU.ActiveCfg = Release|Any CPU
		{BB7C12FE-8189-4A56-B058-58C1B7366E60}.Release|Any CPU.Build.0 = Release|Any CPU
		{BB7C12FE-8189-4A56-B058-58C1B7366E60}.Release|Mixed Platforms.ActiveCfg = Release|x86
		{BB7C12FE-8189-4A56-B058-58C1B7366E60}.Release|Mixed Platforms.Build.0 = Release|x86
		{BB7C12FE-8189-4A56-B058-58C1B7366E60}.Release|x86.ActiveCfg = Release|x86
		{BB7C12FE-8189-4A56-B058-58C1B7366E60}.Release|x86.Build.0 = Release|x86
		{BB7C12FE-8189-4A56-B058-58C1B7366E60}.Test KSP|Any CPU.ActiveCfg = Test KSP|Any CPU
		{BB7C12FE-8189-4A56-B058-58C1B7366E60}.Test KSP|Any CPU.Build.0 = Test KSP|Any CPU
		{BB7C12FE-8189-4A56-B058-58C1B7366E60}.Test KSP|Mixed Platforms.ActiveCfg = Test KSP|Any CPU
		{BB7C12FE-8189-4A56-B058-58C1B7366E60}.Test KSP|Mixed Platforms.Build.0 = Test KSP|Any CPU
		{BB7C12FE-8189-4A56-B058-58C1B7366E60}.Test KSP|x86.ActiveCfg = Test KSP|x86
		{BB7C12FE-8189-4A56-B058-58C1B7366E60}.Test KSP|x86.Build.0 = Test KSP|x86
		{760BCCD3-0FB9-46D4-8B69-402EFE187506}.Debug|Any CPU.ActiveCfg = Debug|Any CPU
		{760BCCD3-0FB9-46D4-8B69-402EFE187506}.Debug|Any CPU.Build.0 = Debug|Any CPU
		{760BCCD3-0FB9-46D4-8B69-402EFE187506}.Debug|Mixed Platforms.ActiveCfg = Debug|Any CPU
		{760BCCD3-0FB9-46D4-8B69-402EFE187506}.Debug|Mixed Platforms.Build.0 = Debug|Any CPU
		{760BCCD3-0FB9-46D4-8B69-402EFE187506}.Debug|x86.ActiveCfg = Debug|Any CPU
		{760BCCD3-0FB9-46D4-8B69-402EFE187506}.Debug|x86.Build.0 = Debug|Any CPU
		{760BCCD3-0FB9-46D4-8B69-402EFE187506}.Release|Any CPU.ActiveCfg = Release|Any CPU
		{760BCCD3-0FB9-46D4-8B69-402EFE187506}.Release|Any CPU.Build.0 = Release|Any CPU
		{760BCCD3-0FB9-46D4-8B69-402EFE187506}.Release|Mixed Platforms.ActiveCfg = Release|Any CPU
		{760BCCD3-0FB9-46D4-8B69-402EFE187506}.Release|Mixed Platforms.Build.0 = Release|Any CPU
		{760BCCD3-0FB9-46D4-8B69-402EFE187506}.Release|x86.ActiveCfg = Release|Any CPU
		{760BCCD3-0FB9-46D4-8B69-402EFE187506}.Release|x86.Build.0 = Release|Any CPU
		{760BCCD3-0FB9-46D4-8B69-402EFE187506}.Test KSP|Any CPU.ActiveCfg = Release|Any CPU
		{760BCCD3-0FB9-46D4-8B69-402EFE187506}.Test KSP|Mixed Platforms.ActiveCfg = Release|Any CPU
		{760BCCD3-0FB9-46D4-8B69-402EFE187506}.Test KSP|Mixed Platforms.Build.0 = Release|Any CPU
		{760BCCD3-0FB9-46D4-8B69-402EFE187506}.Test KSP|x86.ActiveCfg = Release|Any CPU
		{760BCCD3-0FB9-46D4-8B69-402EFE187506}.Test KSP|x86.Build.0 = Release|Any CPU
	EndGlobalSection
	GlobalSection(SolutionProperties) = preSolution
		HideSolutionNode = FALSE
	EndGlobalSection
EndGlobal
